
Microsoft Visual Studio Solution File, Format Version 12.00
# Visual Studio Version 16
VisualStudioVersion = 16.0.29709.97
MinimumVisualStudioVersion = 10.0.40219.1
Project("{FAE04EC0-301F-11D3-BF4B-00C04F79EFBC}") = "BlogApp", "BlogApp\BlogApp.csproj", "{BC0F529F-BFD3-45F0-A593-BAA4586E1835}"
EndProject
Global
	GlobalSection(SolutionConfigurationPlatforms) = preSolution
		Debug|Any CPU = Debug|Any CPU
		Release|Any CPU = Release|Any CPU
	EndGlobalSection
	GlobalSection(ProjectConfigurationPlatforms) = postSolution
		{BC0F529F-BFD3-45F0-A593-BAA4586E1835}.Debug|Any CPU.ActiveCfg = Debug|Any CPU
		{BC0F529F-BFD3-45F0-A593-BAA4586E1835}.Debug|Any CPU.Build.0 = Debug|Any CPU
		{BC0F529F-BFD3-45F0-A593-BAA4586E1835}.Release|Any CPU.ActiveCfg = Release|Any CPU
		{BC0F529F-BFD3-45F0-A593-BAA4586E1835}.Release|Any CPU.Build.0 = Release|Any CPU
	EndGlobalSection
	GlobalSection(SolutionProperties) = preSolution
		HideSolutionNode = FALSE
	EndGlobalSection
	GlobalSection(ExtensibilityGlobals) = postSolution
		SolutionGuid = {DC4FC004-D5D0-42B0-8DC9-547017E6802B}
	EndGlobalSection
EndGlobal
